// !$*UTF8*$!
{
	archiveVersion = 1;
	classes = {
	};
	objectVersion = 46;
	objects = {

/* Begin PBXBuildFile section */
		4612EFE125E5953D00615F0E /* StargazerTableViewCell.swift in Sources */ = {isa = PBXBuildFile; fileRef = 4612EFE025E5953D00615F0E /* StargazerTableViewCell.swift */; };
		620165731F557F4800903C9C /* AppDelegate.swift in Sources */ = {isa = PBXBuildFile; fileRef = 620165721F557F4800903C9C /* AppDelegate.swift */; };
		620165751F557F4800903C9C /* SearchViewController.swift in Sources */ = {isa = PBXBuildFile; fileRef = 620165741F557F4800903C9C /* SearchViewController.swift */; };
		620165781F557F4800903C9C /* Main.storyboard in Resources */ = {isa = PBXBuildFile; fileRef = 620165761F557F4800903C9C /* Main.storyboard */; };
		6201657A1F557F4800903C9C /* Assets.xcassets in Resources */ = {isa = PBXBuildFile; fileRef = 620165791F557F4800903C9C /* Assets.xcassets */; };
		6201657D1F557F4800903C9C /* LaunchScreen.storyboard in Resources */ = {isa = PBXBuildFile; fileRef = 6201657B1F557F4800903C9C /* LaunchScreen.storyboard */; };
		62BC2ABE1F560AA80044F31D /* List_StargazersTests.swift in Sources */ = {isa = PBXBuildFile; fileRef = 62BC2ABD1F560AA80044F31D /* List_StargazersTests.swift */; };
		62CA84201F55822C003636C3 /* StargazersTableViewController.swift in Sources */ = {isa = PBXBuildFile; fileRef = 62CA841F1F55822C003636C3 /* StargazersTableViewController.swift */; };
		62CA84221F558706003636C3 /* GitHub.swift in Sources */ = {isa = PBXBuildFile; fileRef = 62CA84211F558706003636C3 /* GitHub.swift */; };
		62CA84251F558B10003636C3 /* Stargazer.swift in Sources */ = {isa = PBXBuildFile; fileRef = 62CA84241F558B10003636C3 /* Stargazer.swift */; };
/* End PBXBuildFile section */

/* Begin PBXContainerItemProxy section */
		62BC2AC01F560AA80044F31D /* PBXContainerItemProxy */ = {
			isa = PBXContainerItemProxy;
			containerPortal = 620165671F557F4800903C9C /* Project object */;
			proxyType = 1;
			remoteGlobalIDString = 6201656E1F557F4800903C9C;
			remoteInfo = "List Stargazers";
		};
/* End PBXContainerItemProxy section */

/* Begin PBXFileReference section */
		4612EFE025E5953D00615F0E /* StargazerTableViewCell.swift */ = {isa = PBXFileReference; lastKnownFileType = sourcecode.swift; path = StargazerTableViewCell.swift; sourceTree = "<group>"; };
		6201656F1F557F4800903C9C /* List Stargazers.app */ = {isa = PBXFileReference; explicitFileType = wrapper.application; includeInIndex = 0; path = "List Stargazers.app"; sourceTree = BUILT_PRODUCTS_DIR; };
		620165721F557F4800903C9C /* AppDelegate.swift */ = {isa = PBXFileReference; lastKnownFileType = sourcecode.swift; path = AppDelegate.swift; sourceTree = "<group>"; };
		620165741F557F4800903C9C /* SearchViewController.swift */ = {isa = PBXFileReference; lastKnownFileType = sourcecode.swift; path = SearchViewController.swift; sourceTree = "<group>"; };
		620165771F557F4800903C9C /* Base */ = {isa = PBXFileReference; lastKnownFileType = file.storyboard; name = Base; path = Base.lproj/Main.storyboard; sourceTree = "<group>"; };
		620165791F557F4800903C9C /* Assets.xcassets */ = {isa = PBXFileReference; lastKnownFileType = folder.assetcatalog; path = Assets.xcassets; sourceTree = "<group>"; };
		6201657C1F557F4800903C9C /* Base */ = {isa = PBXFileReference; lastKnownFileType = file.storyboard; name = Base; path = Base.lproj/LaunchScreen.storyboard; sourceTree = "<group>"; };
		6201657E1F557F4800903C9C /* Info.plist */ = {isa = PBXFileReference; lastKnownFileType = text.plist.xml; path = Info.plist; sourceTree = "<group>"; };
		62BC2ABB1F560AA80044F31D /* List StargazersTests.xctest */ = {isa = PBXFileReference; explicitFileType = wrapper.cfbundle; includeInIndex = 0; path = "List StargazersTests.xctest"; sourceTree = BUILT_PRODUCTS_DIR; };
		62BC2ABD1F560AA80044F31D /* List_StargazersTests.swift */ = {isa = PBXFileReference; lastKnownFileType = sourcecode.swift; path = List_StargazersTests.swift; sourceTree = "<group>"; };
		62BC2ABF1F560AA80044F31D /* Info.plist */ = {isa = PBXFileReference; lastKnownFileType = text.plist.xml; path = Info.plist; sourceTree = "<group>"; };
		62CA841F1F55822C003636C3 /* StargazersTableViewController.swift */ = {isa = PBXFileReference; fileEncoding = 4; lastKnownFileType = sourcecode.swift; path = StargazersTableViewController.swift; sourceTree = "<group>"; };
		62CA84211F558706003636C3 /* GitHub.swift */ = {isa = PBXFileReference; fileEncoding = 4; lastKnownFileType = sourcecode.swift; path = GitHub.swift; sourceTree = "<group>"; };
		62CA84241F558B10003636C3 /* Stargazer.swift */ = {isa = PBXFileReference; fileEncoding = 4; lastKnownFileType = sourcecode.swift; path = Stargazer.swift; sourceTree = "<group>"; };
/* End PBXFileReference section */

/* Begin PBXFrameworksBuildPhase section */
		6201656C1F557F4800903C9C /* Frameworks */ = {
			isa = PBXFrameworksBuildPhase;
			buildActionMask = 2147483647;
			files = (
			);
			runOnlyForDeploymentPostprocessing = 0;
		};
		62BC2AB81F560AA80044F31D /* Frameworks */ = {
			isa = PBXFrameworksBuildPhase;
			buildActionMask = 2147483647;
			files = (
			);
			runOnlyForDeploymentPostprocessing = 0;
		};
/* End PBXFrameworksBuildPhase section */

/* Begin PBXGroup section */
		620165661F557F4800903C9C = {
			isa = PBXGroup;
			children = (
				620165711F557F4800903C9C /* List Stargazers */,
				62BC2ABC1F560AA80044F31D /* List StargazersTests */,
				620165701F557F4800903C9C /* Products */,
			);
			sourceTree = "<group>";
		};
		620165701F557F4800903C9C /* Products */ = {
			isa = PBXGroup;
			children = (
				6201656F1F557F4800903C9C /* List Stargazers.app */,
				62BC2ABB1F560AA80044F31D /* List StargazersTests.xctest */,
			);
			name = Products;
			sourceTree = "<group>";
		};
		620165711F557F4800903C9C /* List Stargazers */ = {
			isa = PBXGroup;
			children = (
				620165721F557F4800903C9C /* AppDelegate.swift */,
				620165761F557F4800903C9C /* Main.storyboard */,
				62CA84231F558AEB003636C3 /* Model */,
				62E331A11F56092E00A49EFE /* ViewControllers */,
				62E331A31F56099A00A49EFE /* Resources */,
			);
			path = "List Stargazers";
			sourceTree = "<group>";
		};
		62BC2ABC1F560AA80044F31D /* List StargazersTests */ = {
			isa = PBXGroup;
			children = (
				62BC2ABD1F560AA80044F31D /* List_StargazersTests.swift */,
				62BC2ABF1F560AA80044F31D /* Info.plist */,
			);
			path = "List StargazersTests";
			sourceTree = "<group>";
		};
		62CA84231F558AEB003636C3 /* Model */ = {
			isa = PBXGroup;
			children = (
				62CA84211F558706003636C3 /* GitHub.swift */,
				62CA84241F558B10003636C3 /* Stargazer.swift */,
			);
			name = Model;
			sourceTree = "<group>";
		};
		62E331A11F56092E00A49EFE /* ViewControllers */ = {
			isa = PBXGroup;
			children = (
				620165741F557F4800903C9C /* SearchViewController.swift */,
				62CA841F1F55822C003636C3 /* StargazersTableViewController.swift */,
				4612EFE025E5953D00615F0E /* StargazerTableViewCell.swift */,
			);
			name = ViewControllers;
			sourceTree = "<group>";
		};
		62E331A31F56099A00A49EFE /* Resources */ = {
			isa = PBXGroup;
			children = (
				620165791F557F4800903C9C /* Assets.xcassets */,
				6201657B1F557F4800903C9C /* LaunchScreen.storyboard */,
				6201657E1F557F4800903C9C /* Info.plist */,
			);
			name = Resources;
			sourceTree = "<group>";
		};
/* End PBXGroup section */

/* Begin PBXNativeTarget section */
		6201656E1F557F4800903C9C /* List Stargazers */ = {
			isa = PBXNativeTarget;
			buildConfigurationList = 620165811F557F4800903C9C /* Build configuration list for PBXNativeTarget "List Stargazers" */;
			buildPhases = (
				6201656B1F557F4800903C9C /* Sources */,
				6201656C1F557F4800903C9C /* Frameworks */,
				6201656D1F557F4800903C9C /* Resources */,
			);
			buildRules = (
			);
			dependencies = (
			);
			name = "List Stargazers";
			productName = "List Stargazers";
			productReference = 6201656F1F557F4800903C9C /* List Stargazers.app */;
			productType = "com.apple.product-type.application";
		};
		62BC2ABA1F560AA80044F31D /* List StargazersTests */ = {
			isa = PBXNativeTarget;
			buildConfigurationList = 62BC2AC41F560AA80044F31D /* Build configuration list for PBXNativeTarget "List StargazersTests" */;
			buildPhases = (
				62BC2AB71F560AA80044F31D /* Sources */,
				62BC2AB81F560AA80044F31D /* Frameworks */,
				62BC2AB91F560AA80044F31D /* Resources */,
			);
			buildRules = (
			);
			dependencies = (
				62BC2AC11F560AA80044F31D /* PBXTargetDependency */,
			);
			name = "List StargazersTests";
			productName = "List StargazersTests";
			productReference = 62BC2ABB1F560AA80044F31D /* List StargazersTests.xctest */;
			productType = "com.apple.product-type.bundle.unit-test";
		};
/* End PBXNativeTarget section */

/* Begin PBXProject section */
		620165671F557F4800903C9C /* Project object */ = {
			isa = PBXProject;
			attributes = {
				LastSwiftUpdateCheck = 0900;
				LastUpgradeCheck = 0900;
				ORGANIZATIONNAME = "Mattia Cardone";
				TargetAttributes = {
					6201656E1F557F4800903C9C = {
						CreatedOnToolsVersion = 8.3.3;
						DevelopmentTeam = RL6WJW484U;
						LastSwiftMigration = 0900;
						ProvisioningStyle = Automatic;
					};
					62BC2ABA1F560AA80044F31D = {
						CreatedOnToolsVersion = 9.0;
						DevelopmentTeam = TVE3XYL8J6;
						ProvisioningStyle = Automatic;
						TestTargetID = 6201656E1F557F4800903C9C;
					};
				};
			};
			buildConfigurationList = 6201656A1F557F4800903C9C /* Build configuration list for PBXProject "List Stargazers" */;
			compatibilityVersion = "Xcode 3.2";
			developmentRegion = English;
			hasScannedForEncodings = 0;
			knownRegions = (
				English,
				en,
				Base,
			);
			mainGroup = 620165661F557F4800903C9C;
			productRefGroup = 620165701F557F4800903C9C /* Products */;
			projectDirPath = "";
			projectRoot = "";
			targets = (
				6201656E1F557F4800903C9C /* List Stargazers */,
				62BC2ABA1F560AA80044F31D /* List StargazersTests */,
			);
		};
/* End PBXProject section */

/* Begin PBXResourcesBuildPhase section */
		6201656D1F557F4800903C9C /* Resources */ = {
			isa = PBXResourcesBuildPhase;
			buildActionMask = 2147483647;
			files = (
				6201657D1F557F4800903C9C /* LaunchScreen.storyboard in Resources */,
				6201657A1F557F4800903C9C /* Assets.xcassets in Resources */,
				620165781F557F4800903C9C /* Main.storyboard in Resources */,
			);
			runOnlyForDeploymentPostprocessing = 0;
		};
		62BC2AB91F560AA80044F31D /* Resources */ = {
			isa = PBXResourcesBuildPhase;
			buildActionMask = 2147483647;
			files = (
			);
			runOnlyForDeploymentPostprocessing = 0;
		};
/* End PBXResourcesBuildPhase section */

/* Begin PBXSourcesBuildPhase section */
		6201656B1F557F4800903C9C /* Sources */ = {
			isa = PBXSourcesBuildPhase;
			buildActionMask = 2147483647;
			files = (
				620165751F557F4800903C9C /* SearchViewController.swift in Sources */,
				4612EFE125E5953D00615F0E /* StargazerTableViewCell.swift in Sources */,
				62CA84201F55822C003636C3 /* StargazersTableViewController.swift in Sources */,
				620165731F557F4800903C9C /* AppDelegate.swift in Sources */,
				62CA84251F558B10003636C3 /* Stargazer.swift in Sources */,
				62CA84221F558706003636C3 /* GitHub.swift in Sources */,
			);
			runOnlyForDeploymentPostprocessing = 0;
		};
		62BC2AB71F560AA80044F31D /* Sources */ = {
			isa = PBXSourcesBuildPhase;
			buildActionMask = 2147483647;
			files = (
				62BC2ABE1F560AA80044F31D /* List_StargazersTests.swift in Sources */,
			);
			runOnlyForDeploymentPostprocessing = 0;
		};
/* End PBXSourcesBuildPhase section */

/* Begin PBXTargetDependency section */
		62BC2AC11F560AA80044F31D /* PBXTargetDependency */ = {
			isa = PBXTargetDependency;
			target = 6201656E1F557F4800903C9C /* List Stargazers */;
			targetProxy = 62BC2AC01F560AA80044F31D /* PBXContainerItemProxy */;
		};
/* End PBXTargetDependency section */

/* Begin PBXVariantGroup section */
		620165761F557F4800903C9C /* Main.storyboard */ = {
			isa = PBXVariantGroup;
			children = (
				620165771F557F4800903C9C /* Base */,
			);
			name = Main.storyboard;
			sourceTree = "<group>";
		};
		6201657B1F557F4800903C9C /* LaunchScreen.storyboard */ = {
			isa = PBXVariantGroup;
			children = (
				6201657C1F557F4800903C9C /* Base */,
			);
			name = LaunchScreen.storyboard;
			sourceTree = "<group>";
		};
/* End PBXVariantGroup section */

/* Begin XCBuildConfiguration section */
		6201657F1F557F4800903C9C /* Debug */ = {
			isa = XCBuildConfiguration;
			buildSettings = {
				ALWAYS_SEARCH_USER_PATHS = NO;
				CLANG_ANALYZER_NONNULL = YES;
				CLANG_ANALYZER_NUMBER_OBJECT_CONVERSION = YES_AGGRESSIVE;
				CLANG_CXX_LANGUAGE_STANDARD = "gnu++0x";
				CLANG_CXX_LIBRARY = "libc++";
				CLANG_ENABLE_MODULES = YES;
				CLANG_ENABLE_OBJC_ARC = YES;
				CLANG_WARN_BLOCK_CAPTURE_AUTORELEASING = YES;
				CLANG_WARN_BOOL_CONVERSION = YES;
				CLANG_WARN_COMMA = YES;
				CLANG_WARN_CONSTANT_CONVERSION = YES;
				CLANG_WARN_DIRECT_OBJC_ISA_USAGE = YES_ERROR;
				CLANG_WARN_DOCUMENTATION_COMMENTS = YES;
				CLANG_WARN_EMPTY_BODY = YES;
				CLANG_WARN_ENUM_CONVERSION = YES;
				CLANG_WARN_INFINITE_RECURSION = YES;
				CLANG_WARN_INT_CONVERSION = YES;
				CLANG_WARN_NON_LITERAL_NULL_CONVERSION = YES;
				CLANG_WARN_OBJC_LITERAL_CONVERSION = YES;
				CLANG_WARN_OBJC_ROOT_CLASS = YES_ERROR;
				CLANG_WARN_RANGE_LOOP_ANALYSIS = YES;
				CLANG_WARN_STRICT_PROTOTYPES = YES;
				CLANG_WARN_SUSPICIOUS_MOVE = YES;
				CLANG_WARN_UNREACHABLE_CODE = YES;
				CLANG_WARN__DUPLICATE_METHOD_MATCH = YES;
				"CODE_SIGN_IDENTITY[sdk=iphoneos*]" = "iPhone Developer";
				COPY_PHASE_STRIP = NO;
				DEBUG_INFORMATION_FORMAT = dwarf;
				ENABLE_STRICT_OBJC_MSGSEND = YES;
				ENABLE_TESTABILITY = YES;
				GCC_C_LANGUAGE_STANDARD = gnu99;
				GCC_DYNAMIC_NO_PIC = NO;
				GCC_NO_COMMON_BLOCKS = YES;
				GCC_OPTIMIZATION_LEVEL = 0;
				GCC_PREPROCESSOR_DEFINITIONS = (
					"DEBUG=1",
					"$(inherited)",
				);
				GCC_WARN_64_TO_32_BIT_CONVERSION = YES;
				GCC_WARN_ABOUT_RETURN_TYPE = YES_ERROR;
				GCC_WARN_UNDECLARED_SELECTOR = YES;
				GCC_WARN_UNINITIALIZED_AUTOS = YES_AGGRESSIVE;
				GCC_WARN_UNUSED_FUNCTION = YES;
				GCC_WARN_UNUSED_VARIABLE = YES;
				IPHONEOS_DEPLOYMENT_TARGET = 10.3;
				MTL_ENABLE_DEBUG_INFO = YES;
				ONLY_ACTIVE_ARCH = YES;
				SDKROOT = iphoneos;
				SWIFT_ACTIVE_COMPILATION_CONDITIONS = DEBUG;
				SWIFT_OPTIMIZATION_LEVEL = "-Onone";
				SWIFT_SWIFT3_OBJC_INFERENCE = Default;
				TARGETED_DEVICE_FAMILY = "1,2";
			};
			name = Debug;
		};
		620165801F557F4800903C9C /* Release */ = {
			isa = XCBuildConfiguration;
			buildSettings = {
				ALWAYS_SEARCH_USER_PATHS = NO;
				CLANG_ANALYZER_NONNULL = YES;
				CLANG_ANALYZER_NUMBER_OBJECT_CONVERSION = YES_AGGRESSIVE;
				CLANG_CXX_LANGUAGE_STANDARD = "gnu++0x";
				CLANG_CXX_LIBRARY = "libc++";
				CLANG_ENABLE_MODULES = YES;
				CLANG_ENABLE_OBJC_ARC = YES;
				CLANG_WARN_BLOCK_CAPTURE_AUTORELEASING = YES;
				CLANG_WARN_BOOL_CONVERSION = YES;
				CLANG_WARN_COMMA = YES;
				CLANG_WARN_CONSTANT_CONVERSION = YES;
				CLANG_WARN_DIRECT_OBJC_ISA_USAGE = YES_ERROR;
				CLANG_WARN_DOCUMENTATION_COMMENTS = YES;
				CLANG_WARN_EMPTY_BODY = YES;
				CLANG_WARN_ENUM_CONVERSION = YES;
				CLANG_WARN_INFINITE_RECURSION = YES;
				CLANG_WARN_INT_CONVERSION = YES;
				CLANG_WARN_NON_LITERAL_NULL_CONVERSION = YES;
				CLANG_WARN_OBJC_LITERAL_CONVERSION = YES;
				CLANG_WARN_OBJC_ROOT_CLASS = YES_ERROR;
				CLANG_WARN_RANGE_LOOP_ANALYSIS = YES;
				CLANG_WARN_STRICT_PROTOTYPES = YES;
				CLANG_WARN_SUSPICIOUS_MOVE = YES;
				CLANG_WARN_UNREACHABLE_CODE = YES;
				CLANG_WARN__DUPLICATE_METHOD_MATCH = YES;
				"CODE_SIGN_IDENTITY[sdk=iphoneos*]" = "iPhone Developer";
				COPY_PHASE_STRIP = NO;
				DEBUG_INFORMATION_FORMAT = "dwarf-with-dsym";
				ENABLE_NS_ASSERTIONS = NO;
				ENABLE_STRICT_OBJC_MSGSEND = YES;
				GCC_C_LANGUAGE_STANDARD = gnu99;
				GCC_NO_COMMON_BLOCKS = YES;
				GCC_WARN_64_TO_32_BIT_CONVERSION = YES;
				GCC_WARN_ABOUT_RETURN_TYPE = YES_ERROR;
				GCC_WARN_UNDECLARED_SELECTOR = YES;
				GCC_WARN_UNINITIALIZED_AUTOS = YES_AGGRESSIVE;
				GCC_WARN_UNUSED_FUNCTION = YES;
				GCC_WARN_UNUSED_VARIABLE = YES;
				IPHONEOS_DEPLOYMENT_TARGET = 10.3;
				MTL_ENABLE_DEBUG_INFO = NO;
				SDKROOT = iphoneos;
				SWIFT_OPTIMIZATION_LEVEL = "-Owholemodule";
				SWIFT_SWIFT3_OBJC_INFERENCE = Default;
				TARGETED_DEVICE_FAMILY = "1,2";
				VALIDATE_PRODUCT = YES;
			};
			name = Release;
		};
		620165821F557F4800903C9C /* Debug */ = {
			isa = XCBuildConfiguration;
			buildSettings = {
				ASSETCATALOG_COMPILER_APPICON_NAME = AppIcon;
				DEVELOPMENT_TEAM = RL6WJW484U;
				INFOPLIST_FILE = "List Stargazers/Info.plist";
				LD_RUNPATH_SEARCH_PATHS = "$(inherited) @executable_path/Frameworks";
				PRODUCT_BUNDLE_IDENTIFIER = "mattiacardone.List-Stargazers";
				PRODUCT_NAME = "$(TARGET_NAME)";
				SWIFT_SWIFT3_OBJC_INFERENCE = Default;
				SWIFT_VERSION = 4.0;
			};
			name = Debug;
		};
		620165831F557F4800903C9C /* Release */ = {
			isa = XCBuildConfiguration;
			buildSettings = {
				ASSETCATALOG_COMPILER_APPICON_NAME = AppIcon;
				DEVELOPMENT_TEAM = RL6WJW484U;
				INFOPLIST_FILE = "List Stargazers/Info.plist";
				LD_RUNPATH_SEARCH_PATHS = "$(inherited) @executable_path/Frameworks";
				PRODUCT_BUNDLE_IDENTIFIER = "mattiacardone.List-Stargazers";
				PRODUCT_NAME = "$(TARGET_NAME)";
				SWIFT_SWIFT3_OBJC_INFERENCE = Default;
				SWIFT_VERSION = 4.0;
			};
			name = Release;
		};
		62BC2AC21F560AA80044F31D /* Debug */ = {
			isa = XCBuildConfiguration;
			buildSettings = {
				BUNDLE_LOADER = "$(TEST_HOST)";
				CLANG_CXX_LANGUAGE_STANDARD = "gnu++14";
				CLANG_WARN_UNGUARDED_AVAILABILITY = YES_AGGRESSIVE;
				CODE_SIGN_IDENTITY = "iPhone Developer";
				CODE_SIGN_STYLE = Automatic;
				DEVELOPMENT_TEAM = TVE3XYL8J6;
				GCC_C_LANGUAGE_STANDARD = gnu11;
				INFOPLIST_FILE = "List StargazersTests/Info.plist";
				IPHONEOS_DEPLOYMENT_TARGET = 11.0;
				LD_RUNPATH_SEARCH_PATHS = "$(inherited) @executable_path/Frameworks @loader_path/Frameworks";
				PRODUCT_BUNDLE_IDENTIFIER = "mattiacantalu.List-StargazersTests";
				PRODUCT_NAME = "$(TARGET_NAME)";
				SWIFT_VERSION = 4.0;
				TARGETED_DEVICE_FAMILY = "1,2";
				TEST_HOST = "$(BUILT_PRODUCTS_DIR)/List Stargazers.app/List Stargazers";
			};
			name = Debug;
		};
		62BC2AC31F560AA80044F31D /* Release */ = {
			isa = XCBuildConfiguration;
			buildSettings = {
				BUNDLE_LOADER = "$(TEST_HOST)";
				CLANG_CXX_LANGUAGE_STANDARD = "gnu++14";
				CLANG_WARN_UNGUARDED_AVAILABILITY = YES_AGGRESSIVE;
				CODE_SIGN_IDENTITY = "iPhone Developer";
				CODE_SIGN_STYLE = Automatic;
				DEVELOPMENT_TEAM = TVE3XYL8J6;
				GCC_C_LANGUAGE_STANDARD = gnu11;
				INFOPLIST_FILE = "List StargazersTests/Info.plist";
				IPHONEOS_DEPLOYMENT_TARGET = 11.0;
				LD_RUNPATH_SEARCH_PATHS = "$(inherited) @executable_path/Frameworks @loader_path/Frameworks";
				PRODUCT_BUNDLE_IDENTIFIER = "mattiacantalu.List-StargazersTests";
				PRODUCT_NAME = "$(TARGET_NAME)";
				SWIFT_VERSION = 4.0;
				TARGETED_DEVICE_FAMILY = "1,2";
				TEST_HOST = "$(BUILT_PRODUCTS_DIR)/List Stargazers.app/List Stargazers";
			};
			name = Release;
		};
/* End XCBuildConfiguration section */

/* Begin XCConfigurationList section */
		6201656A1F557F4800903C9C /* Build configuration list for PBXProject "List Stargazers" */ = {
			isa = XCConfigurationList;
			buildConfigurations = (
				6201657F1F557F4800903C9C /* Debug */,
				620165801F557F4800903C9C /* Release */,
			);
			defaultConfigurationIsVisible = 0;
			defaultConfigurationName = Release;
		};
		620165811F557F4800903C9C /* Build configuration list for PBXNativeTarget "List Stargazers" */ = {
			isa = XCConfigurationList;
			buildConfigurations = (
				620165821F557F4800903C9C /* Debug */,
				620165831F557F4800903C9C /* Release */,
			);
			defaultConfigurationIsVisible = 0;
			defaultConfigurationName = Release;
		};
		62BC2AC41F560AA80044F31D /* Build configuration list for PBXNativeTarget "List StargazersTests" */ = {
			isa = XCConfigurationList;
			buildConfigurations = (
				62BC2AC21F560AA80044F31D /* Debug */,
				62BC2AC31F560AA80044F31D /* Release */,
			);
			defaultConfigurationIsVisible = 0;
			defaultConfigurationName = Release;
		};
/* End XCConfigurationList section */
	};
	rootObject = 620165671F557F4800903C9C /* Project object */;
}
